// !$*UTF8*$!
{
	archiveVersion = 1;
	classes = {
	};
	objectVersion = 56;
	objects = {

/* Begin PBXBuildFile section */
		5248C326295F12A700CDBC97 /* PressActionsModifier.swift in Sources */ = {isa = PBXBuildFile; fileRef = 5248C325295F12A700CDBC97 /* PressActionsModifier.swift */; };
		5248C328295F158900CDBC97 /* AudioRecorderService.swift in Sources */ = {isa = PBXBuildFile; fileRef = 5248C327295F158900CDBC97 /* AudioRecorderService.swift */; };
		5250B68D296FFC88003CBAF7 /* Extensions.swift in Sources */ = {isa = PBXBuildFile; fileRef = 5250B68C296FFC88003CBAF7 /* Extensions.swift */; };
		5250B68F296FFEC0003CBAF7 /* MessagesService.swift in Sources */ = {isa = PBXBuildFile; fileRef = 5250B68E296FFEC0003CBAF7 /* MessagesService.swift */; };
		52C6931B295C39E900A711C1 /* RecordSampleApp.swift in Sources */ = {isa = PBXBuildFile; fileRef = 52C6931A295C39E900A711C1 /* RecordSampleApp.swift */; };
		52C6931D295C39E900A711C1 /* ContentView.swift in Sources */ = {isa = PBXBuildFile; fileRef = 52C6931C295C39E900A711C1 /* ContentView.swift */; };
		52C6931F295C39EB00A711C1 /* Assets.xcassets in Resources */ = {isa = PBXBuildFile; fileRef = 52C6931E295C39EB00A711C1 /* Assets.xcassets */; };
		52C69322295C39EB00A711C1 /* Preview Assets.xcassets in Resources */ = {isa = PBXBuildFile; fileRef = 52C69321295C39EB00A711C1 /* Preview Assets.xcassets */; };
		52C6932D295C3A3200A711C1 /* Redux.swift in Sources */ = {isa = PBXBuildFile; fileRef = 52C6932C295C3A3200A711C1 /* Redux.swift */; };
		52C69330295C50D600A711C1 /* AudioRecordPermissions.swift in Sources */ = {isa = PBXBuildFile; fileRef = 52C6932F295C50D500A711C1 /* AudioRecordPermissions.swift */; };
		52C69332295C541400A711C1 /* ConversationScreen.swift in Sources */ = {isa = PBXBuildFile; fileRef = 52C69331295C541400A711C1 /* ConversationScreen.swift */; };
		52C69335295C59EC00A711C1 /* Connector.swift in Sources */ = {isa = PBXBuildFile; fileRef = 52C69334295C59EC00A711C1 /* Connector.swift */; };
/* End PBXBuildFile section */

/* Begin PBXFileReference section */
		5248C325295F12A700CDBC97 /* PressActionsModifier.swift */ = {isa = PBXFileReference; lastKnownFileType = sourcecode.swift; path = PressActionsModifier.swift; sourceTree = "<group>"; };
		5248C327295F158900CDBC97 /* AudioRecorderService.swift */ = {isa = PBXFileReference; lastKnownFileType = sourcecode.swift; path = AudioRecorderService.swift; sourceTree = "<group>"; };
		5250B68C296FFC88003CBAF7 /* Extensions.swift */ = {isa = PBXFileReference; lastKnownFileType = sourcecode.swift; path = Extensions.swift; sourceTree = "<group>"; };
		5250B68E296FFEC0003CBAF7 /* MessagesService.swift */ = {isa = PBXFileReference; lastKnownFileType = sourcecode.swift; path = MessagesService.swift; sourceTree = "<group>"; };
		52C69317295C39E900A711C1 /* RecordSample.app */ = {isa = PBXFileReference; explicitFileType = wrapper.application; includeInIndex = 0; path = RecordSample.app; sourceTree = BUILT_PRODUCTS_DIR; };
		52C6931A295C39E900A711C1 /* RecordSampleApp.swift */ = {isa = PBXFileReference; lastKnownFileType = sourcecode.swift; path = RecordSampleApp.swift; sourceTree = "<group>"; };
		52C6931C295C39E900A711C1 /* ContentView.swift */ = {isa = PBXFileReference; lastKnownFileType = sourcecode.swift; path = ContentView.swift; sourceTree = "<group>"; };
		52C6931E295C39EB00A711C1 /* Assets.xcassets */ = {isa = PBXFileReference; lastKnownFileType = folder.assetcatalog; path = Assets.xcassets; sourceTree = "<group>"; };
		52C69321295C39EB00A711C1 /* Preview Assets.xcassets */ = {isa = PBXFileReference; lastKnownFileType = folder.assetcatalog; path = "Preview Assets.xcassets"; sourceTree = "<group>"; };
		52C6932C295C3A3200A711C1 /* Redux.swift */ = {isa = PBXFileReference; lastKnownFileType = sourcecode.swift; path = Redux.swift; sourceTree = "<group>"; };
		52C6932F295C50D500A711C1 /* AudioRecordPermissions.swift */ = {isa = PBXFileReference; lastKnownFileType = sourcecode.swift; path = AudioRecordPermissions.swift; sourceTree = "<group>"; };
		52C69331295C541400A711C1 /* ConversationScreen.swift */ = {isa = PBXFileReference; lastKnownFileType = sourcecode.swift; path = ConversationScreen.swift; sourceTree = "<group>"; };
		52C69334295C59EC00A711C1 /* Connector.swift */ = {isa = PBXFileReference; lastKnownFileType = sourcecode.swift; path = Connector.swift; sourceTree = "<group>"; };
/* End PBXFileReference section */

/* Begin PBXFrameworksBuildPhase section */
		52C69314295C39E900A711C1 /* Frameworks */ = {
			isa = PBXFrameworksBuildPhase;
			buildActionMask = 2147483647;
			files = (
			);
			runOnlyForDeploymentPostprocessing = 0;
		};
/* End PBXFrameworksBuildPhase section */

/* Begin PBXGroup section */
		52C6930E295C39E800A711C1 = {
			isa = PBXGroup;
			children = (
				52C69319295C39E900A711C1 /* RecordSample */,
				52C69318295C39E900A711C1 /* Products */,
			);
			sourceTree = "<group>";
		};
		52C69318295C39E900A711C1 /* Products */ = {
			isa = PBXGroup;
			children = (
				52C69317295C39E900A711C1 /* RecordSample.app */,
			);
			name = Products;
			sourceTree = "<group>";
		};
		52C69319295C39E900A711C1 /* RecordSample */ = {
			isa = PBXGroup;
			children = (
				52C6931A295C39E900A711C1 /* RecordSampleApp.swift */,
				52C69336295C5A0600A711C1 /* Views */,
				52C6932B295C3A2400A711C1 /* Redux */,
				52C6932E295C50CA00A711C1 /* Services */,
				52C69333295C59E200A711C1 /* Helpers */,
				52C6931E295C39EB00A711C1 /* Assets.xcassets */,
				52C69320295C39EB00A711C1 /* Preview Content */,
			);
			path = RecordSample;
			sourceTree = "<group>";
		};
		52C69320295C39EB00A711C1 /* Preview Content */ = {
			isa = PBXGroup;
			children = (
				52C69321295C39EB00A711C1 /* Preview Assets.xcassets */,
			);
			path = "Preview Content";
			sourceTree = "<group>";
		};
		52C6932B295C3A2400A711C1 /* Redux */ = {
			isa = PBXGroup;
			children = (
				52C6932C295C3A3200A711C1 /* Redux.swift */,
			);
			path = Redux;
			sourceTree = "<group>";
		};
		52C6932E295C50CA00A711C1 /* Services */ = {
			isa = PBXGroup;
			children = (
				52C6932F295C50D500A711C1 /* AudioRecordPermissions.swift */,
				5248C327295F158900CDBC97 /* AudioRecorderService.swift */,
				5250B68E296FFEC0003CBAF7 /* MessagesService.swift */,
			);
			path = Services;
			sourceTree = "<group>";
		};
		52C69333295C59E200A711C1 /* Helpers */ = {
			isa = PBXGroup;
			children = (
				52C69334295C59EC00A711C1 /* Connector.swift */,
				5248C325295F12A700CDBC97 /* PressActionsModifier.swift */,
				5250B68C296FFC88003CBAF7 /* Extensions.swift */,
			);
			path = Helpers;
			sourceTree = "<group>";
		};
		52C69336295C5A0600A711C1 /* Views */ = {
			isa = PBXGroup;
			children = (
				52C6931C295C39E900A711C1 /* ContentView.swift */,
				52C69331295C541400A711C1 /* ConversationScreen.swift */,
			);
			path = Views;
			sourceTree = "<group>";
		};
/* End PBXGroup section */

/* Begin PBXNativeTarget section */
		52C69316295C39E900A711C1 /* RecordSample */ = {
			isa = PBXNativeTarget;
			buildConfigurationList = 52C69325295C39EB00A711C1 /* Build configuration list for PBXNativeTarget "RecordSample" */;
			buildPhases = (
				52C69313295C39E900A711C1 /* Sources */,
				52C69314295C39E900A711C1 /* Frameworks */,
				52C69315295C39E900A711C1 /* Resources */,
			);
			buildRules = (
			);
			dependencies = (
			);
			name = RecordSample;
			packageProductDependencies = (
			);
			productName = RecordSample;
			productReference = 52C69317295C39E900A711C1 /* RecordSample.app */;
			productType = "com.apple.product-type.application";
		};
/* End PBXNativeTarget section */

/* Begin PBXProject section */
		52C6930F295C39E800A711C1 /* Project object */ = {
			isa = PBXProject;
			attributes = {
				BuildIndependentTargetsInParallel = 1;
				LastSwiftUpdateCheck = 1410;
				LastUpgradeCheck = 1410;
				TargetAttributes = {
					52C69316295C39E900A711C1 = {
						CreatedOnToolsVersion = 14.1;
					};
				};
			};
			buildConfigurationList = 52C69312295C39E800A711C1 /* Build configuration list for PBXProject "RecordSample" */;
			compatibilityVersion = "Xcode 14.0";
			developmentRegion = en;
			hasScannedForEncodings = 0;
			knownRegions = (
				en,
				Base,
			);
			mainGroup = 52C6930E295C39E800A711C1;
			packageReferences = (
			);
			productRefGroup = 52C69318295C39E900A711C1 /* Products */;
			projectDirPath = "";
			projectRoot = "";
			targets = (
				52C69316295C39E900A711C1 /* RecordSample */,
			);
		};
/* End PBXProject section */

/* Begin PBXResourcesBuildPhase section */
		52C69315295C39E900A711C1 /* Resources */ = {
			isa = PBXResourcesBuildPhase;
			buildActionMask = 2147483647;
			files = (
				52C69322295C39EB00A711C1 /* Preview Assets.xcassets in Resources */,
				52C6931F295C39EB00A711C1 /* Assets.xcassets in Resources */,
			);
			runOnlyForDeploymentPostprocessing = 0;
		};
/* End PBXResourcesBuildPhase section */

/* Begin PBXSourcesBuildPhase section */
		52C69313295C39E900A711C1 /* Sources */ = {
			isa = PBXSourcesBuildPhase;
			buildActionMask = 2147483647;
			files = (
				52C69330295C50D600A711C1 /* AudioRecordPermissions.swift in Sources */,
				5248C328295F158900CDBC97 /* AudioRecorderService.swift in Sources */,
				5248C326295F12A700CDBC97 /* PressActionsModifier.swift in Sources */,
				5250B68F296FFEC0003CBAF7 /* MessagesService.swift in Sources */,
				52C6931D295C39E900A711C1 /* ContentView.swift in Sources */,
				5250B68D296FFC88003CBAF7 /* Extensions.swift in Sources */,
				52C6931B295C39E900A711C1 /* RecordSampleApp.swift in Sources */,
				52C69335295C59EC00A711C1 /* Connector.swift in Sources */,
				52C69332295C541400A711C1 /* ConversationScreen.swift in Sources */,
				52C6932D295C3A3200A711C1 /* Redux.swift in Sources */,
			);
			runOnlyForDeploymentPostprocessing = 0;
		};
/* End PBXSourcesBuildPhase section */

/* Begin XCBuildConfiguration section */
		52C69323295C39EB00A711C1 /* Debug */ = {
			isa = XCBuildConfiguration;
			buildSettings = {
				ALWAYS_SEARCH_USER_PATHS = NO;
				CLANG_ANALYZER_NONNULL = YES;
				CLANG_ANALYZER_NUMBER_OBJECT_CONVERSION = YES_AGGRESSIVE;
				CLANG_CXX_LANGUAGE_STANDARD = "gnu++20";
				CLANG_ENABLE_MODULES = YES;
				CLANG_ENABLE_OBJC_ARC = YES;
				CLANG_ENABLE_OBJC_WEAK = YES;
				CLANG_WARN_BLOCK_CAPTURE_AUTORELEASING = YES;
				CLANG_WARN_BOOL_CONVERSION = YES;
				CLANG_WARN_COMMA = YES;
				CLANG_WARN_CONSTANT_CONVERSION = YES;
				CLANG_WARN_DEPRECATED_OBJC_IMPLEMENTATIONS = YES;
				CLANG_WARN_DIRECT_OBJC_ISA_USAGE = YES_ERROR;
				CLANG_WARN_DOCUMENTATION_COMMENTS = YES;
				CLANG_WARN_EMPTY_BODY = YES;
				CLANG_WARN_ENUM_CONVERSION = YES;
				CLANG_WARN_INFINITE_RECURSION = YES;
				CLANG_WARN_INT_CONVERSION = YES;
				CLANG_WARN_NON_LITERAL_NULL_CONVERSION = YES;
				CLANG_WARN_OBJC_IMPLICIT_RETAIN_SELF = YES;
				CLANG_WARN_OBJC_LITERAL_CONVERSION = YES;
				CLANG_WARN_OBJC_ROOT_CLASS = YES_ERROR;
				CLANG_WARN_QUOTED_INCLUDE_IN_FRAMEWORK_HEADER = YES;
				CLANG_WARN_RANGE_LOOP_ANALYSIS = YES;
				CLANG_WARN_STRICT_PROTOTYPES = YES;
				CLANG_WARN_SUSPICIOUS_MOVE = YES;
				CLANG_WARN_UNGUARDED_AVAILABILITY = YES_AGGRESSIVE;
				CLANG_WARN_UNREACHABLE_CODE = YES;
				CLANG_WARN__DUPLICATE_METHOD_MATCH = YES;
				COPY_PHASE_STRIP = NO;
				DEBUG_INFORMATION_FORMAT = dwarf;
				ENABLE_STRICT_OBJC_MSGSEND = YES;
				ENABLE_TESTABILITY = YES;
				GCC_C_LANGUAGE_STANDARD = gnu11;
				GCC_DYNAMIC_NO_PIC = NO;
				GCC_NO_COMMON_BLOCKS = YES;
				GCC_OPTIMIZATION_LEVEL = 0;
				GCC_PREPROCESSOR_DEFINITIONS = (
					"DEBUG=1",
					"$(inherited)",
				);
				GCC_WARN_64_TO_32_BIT_CONVERSION = YES;
				GCC_WARN_ABOUT_RETURN_TYPE = YES_ERROR;
				GCC_WARN_UNDECLARED_SELECTOR = YES;
				GCC_WARN_UNINITIALIZED_AUTOS = YES_AGGRESSIVE;
				GCC_WARN_UNUSED_FUNCTION = YES;
				GCC_WARN_UNUSED_VARIABLE = YES;
				IPHONEOS_DEPLOYMENT_TARGET = 16.1;
				MTL_ENABLE_DEBUG_INFO = INCLUDE_SOURCE;
				MTL_FAST_MATH = YES;
				ONLY_ACTIVE_ARCH = YES;
				SDKROOT = iphoneos;
				SWIFT_ACTIVE_COMPILATION_CONDITIONS = DEBUG;
				SWIFT_OPTIMIZATION_LEVEL = "-Onone";
			};
			name = Debug;
		};
		52C69324295C39EB00A711C1 /* Release */ = {
			isa = XCBuildConfiguration;
			buildSettings = {
				ALWAYS_SEARCH_USER_PATHS = NO;
				CLANG_ANALYZER_NONNULL = YES;
				CLANG_ANALYZER_NUMBER_OBJECT_CONVERSION = YES_AGGRESSIVE;
				CLANG_CXX_LANGUAGE_STANDARD = "gnu++20";
				CLANG_ENABLE_MODULES = YES;
				CLANG_ENABLE_OBJC_ARC = YES;
				CLANG_ENABLE_OBJC_WEAK = YES;
				CLANG_WARN_BLOCK_CAPTURE_AUTORELEASING = YES;
				CLANG_WARN_BOOL_CONVERSION = YES;
				CLANG_WARN_COMMA = YES;
				CLANG_WARN_CONSTANT_CONVERSION = YES;
				CLANG_WARN_DEPRECATED_OBJC_IMPLEMENTATIONS = YES;
				CLANG_WARN_DIRECT_OBJC_ISA_USAGE = YES_ERROR;
				CLANG_WARN_DOCUMENTATION_COMMENTS = YES;
				CLANG_WARN_EMPTY_BODY = YES;
				CLANG_WARN_ENUM_CONVERSION = YES;
				CLANG_WARN_INFINITE_RECURSION = YES;
				CLANG_WARN_INT_CONVERSION = YES;
				CLANG_WARN_NON_LITERAL_NULL_CONVERSION = YES;
				CLANG_WARN_OBJC_IMPLICIT_RETAIN_SELF = YES;
				CLANG_WARN_OBJC_LITERAL_CONVERSION = YES;
				CLANG_WARN_OBJC_ROOT_CLASS = YES_ERROR;
				CLANG_WARN_QUOTED_INCLUDE_IN_FRAMEWORK_HEADER = YES;
				CLANG_WARN_RANGE_LOOP_ANALYSIS = YES;
				CLANG_WARN_STRICT_PROTOTYPES = YES;
				CLANG_WARN_SUSPICIOUS_MOVE = YES;
				CLANG_WARN_UNGUARDED_AVAILABILITY = YES_AGGRESSIVE;
				CLANG_WARN_UNREACHABLE_CODE = YES;
				CLANG_WARN__DUPLICATE_METHOD_MATCH = YES;
				COPY_PHASE_STRIP = NO;
				DEBUG_INFORMATION_FORMAT = "dwarf-with-dsym";
				ENABLE_NS_ASSERTIONS = NO;
				ENABLE_STRICT_OBJC_MSGSEND = YES;
				GCC_C_LANGUAGE_STANDARD = gnu11;
				GCC_NO_COMMON_BLOCKS = YES;
				GCC_WARN_64_TO_32_BIT_CONVERSION = YES;
				GCC_WARN_ABOUT_RETURN_TYPE = YES_ERROR;
				GCC_WARN_UNDECLARED_SELECTOR = YES;
				GCC_WARN_UNINITIALIZED_AUTOS = YES_AGGRESSIVE;
				GCC_WARN_UNUSED_FUNCTION = YES;
				GCC_WARN_UNUSED_VARIABLE = YES;
				IPHONEOS_DEPLOYMENT_TARGET = 16.1;
				MTL_ENABLE_DEBUG_INFO = NO;
				MTL_FAST_MATH = YES;
				SDKROOT = iphoneos;
				SWIFT_COMPILATION_MODE = wholemodule;
				SWIFT_OPTIMIZATION_LEVEL = "-O";
				VALIDATE_PRODUCT = YES;
			};
			name = Release;
		};
		52C69326295C39EB00A711C1 /* Debug */ = {
			isa = XCBuildConfiguration;
			buildSettings = {
				ASSETCATALOG_COMPILER_APPICON_NAME = AppIcon;
				ASSETCATALOG_COMPILER_GLOBAL_ACCENT_COLOR_NAME = AccentColor;
				CODE_SIGN_STYLE = Automatic;
				CURRENT_PROJECT_VERSION = 1;
				DEVELOPMENT_ASSET_PATHS = "\"RecordSample/Preview Content\"";
				DEVELOPMENT_TEAM = 3PTYV272Z4;
				ENABLE_PREVIEWS = YES;
				GENERATE_INFOPLIST_FILE = YES;
				INFOPLIST_KEY_NSMicrophoneUsageDescription = "The application requires microphone access for full call functionality";
				INFOPLIST_KEY_UIApplicationSceneManifest_Generation = YES;
				INFOPLIST_KEY_UIApplicationSupportsIndirectInputEvents = YES;
				INFOPLIST_KEY_UILaunchScreen_Generation = YES;
				INFOPLIST_KEY_UISupportedInterfaceOrientations_iPad = "UIInterfaceOrientationPortrait UIInterfaceOrientationPortraitUpsideDown UIInterfaceOrientationLandscapeLeft UIInterfaceOrientationLandscapeRight";
				INFOPLIST_KEY_UISupportedInterfaceOrientations_iPhone = "UIInterfaceOrientationPortrait UIInterfaceOrientationLandscapeLeft UIInterfaceOrientationLandscapeRight";
				LD_RUNPATH_SEARCH_PATHS = (
					"$(inherited)",
					"@executable_path/Frameworks",
				);
				MARKETING_VERSION = 1.0;
				PRODUCT_BUNDLE_IDENTIFIER = ua.kr.ssh.RecordSample;
				PRODUCT_NAME = "$(TARGET_NAME)";
				SWIFT_EMIT_LOC_STRINGS = YES;
				SWIFT_VERSION = 5.0;
				TARGETED_DEVICE_FAMILY = "1,2";
			};
			name = Debug;
		};
		52C69327295C39EB00A711C1 /* Release */ = {
			isa = XCBuildConfiguration;
			buildSettings = {
				ASSETCATALOG_COMPILER_APPICON_NAME = AppIcon;
				ASSETCATALOG_COMPILER_GLOBAL_ACCENT_COLOR_NAME = AccentColor;
				CODE_SIGN_STYLE = Automatic;
				CURRENT_PROJECT_VERSION = 1;
				DEVELOPMENT_ASSET_PATHS = "\"RecordSample/Preview Content\"";
				DEVELOPMENT_TEAM = 3PTYV272Z4;
				ENABLE_PREVIEWS = YES;
				GENERATE_INFOPLIST_FILE = YES;
				INFOPLIST_KEY_NSMicrophoneUsageDescription = "The application requires microphone access for full call functionality";
				INFOPLIST_KEY_UIApplicationSceneManifest_Generation = YES;
				INFOPLIST_KEY_UIApplicationSupportsIndirectInputEvents = YES;
				INFOPLIST_KEY_UILaunchScreen_Generation = YES;
				INFOPLIST_KEY_UISupportedInterfaceOrientations_iPad = "UIInterfaceOrientationPortrait UIInterfaceOrientationPortraitUpsideDown UIInterfaceOrientationLandscapeLeft UIInterfaceOrientationLandscapeRight";
				INFOPLIST_KEY_UISupportedInterfaceOrientations_iPhone = "UIInterfaceOrientationPortrait UIInterfaceOrientationLandscapeLeft UIInterfaceOrientationLandscapeRight";
				LD_RUNPATH_SEARCH_PATHS = (
					"$(inherited)",
					"@executable_path/Frameworks",
				);
				MARKETING_VERSION = 1.0;
				PRODUCT_BUNDLE_IDENTIFIER = ua.kr.ssh.RecordSample;
				PRODUCT_NAME = "$(TARGET_NAME)";
				SWIFT_EMIT_LOC_STRINGS = YES;
				SWIFT_VERSION = 5.0;
				TARGETED_DEVICE_FAMILY = "1,2";
			};
			name = Release;
		};
/* End XCBuildConfiguration section */

/* Begin XCConfigurationList section */
		52C69312295C39E800A711C1 /* Build configuration list for PBXProject "RecordSample" */ = {
			isa = XCConfigurationList;
			buildConfigurations = (
				52C69323295C39EB00A711C1 /* Debug */,
				52C69324295C39EB00A711C1 /* Release */,
			);
			defaultConfigurationIsVisible = 0;
			defaultConfigurationName = Release;
		};
		52C69325295C39EB00A711C1 /* Build configuration list for PBXNativeTarget "RecordSample" */ = {
			isa = XCConfigurationList;
			buildConfigurations = (
				52C69326295C39EB00A711C1 /* Debug */,
				52C69327295C39EB00A711C1 /* Release */,
			);
			defaultConfigurationIsVisible = 0;
			defaultConfigurationName = Release;
		};
/* End XCConfigurationList section */
	};
	rootObject = 52C6930F295C39E800A711C1 /* Project object */;
}
